# This file was autogenerated by Stack.
# You should not edit this file by hand.
# For more information, please see the documentation at:
#   https://docs.haskellstack.org/en/stable/lock_files

packages:
- completed:
    hackage: hakyll-4.12.5.1@sha256:d1948b265e6628bcb6875571212f9acefe23179c73ca4f87f417b290ff381ca6,8677
    pantry-tree:
      size: 7631
      sha256: ac35d6b2a3b6d87517ff5184430a283c378330ec5da6f7dce26416568bf134ee
  original:
    hackage: hakyll-4.12.5.1
- completed:
    hackage: lrucache-1.2.0.1@sha256:18fc3d7052012c7ab3cd395160f34b53c5e1ec5379cc45185baf35b90ffadc2e,1254
    pantry-tree:
      size: 619
      sha256: 61b2a39a11873f2d8a577e1f6b5e848d2f465ea7f6837ce15436796d3a20eda0
  original:
    hackage: lrucache-1.2.0.1
- completed:
    hackage: hjsmin-0.2.0.2@sha256:48e1e03575eee7c1346923462c3627f9a2d8c63ef5c70b356ccaad033029497f,1602
    pantry-tree:
      size: 413
      sha256: f37ea542780dc9771d2311bf2df90614b87ac2c1211e5545a0a5eaba86730e8c
  original:
    hackage: hjsmin-0.2.0.2
- completed:
    hackage: language-javascript-0.6.0.11@sha256:48576021b3917fa9cb88404e6f3b216a660f14786a808de289195f75817c0a3e,3792
    pantry-tree:
      size: 2284
      sha256: d2547c2890f243fd03ca9ebf088e283ec4fa133300c385ce001cbcfc3b2d0feb
  original:
    hackage: language-javascript-0.6.0.11
- completed:
    hackage: filepath-1.4.2.1@sha256:0a5334c8d6eb9b00cba7a07f2c4141d395d0b430861d04866c6a8d373aea59c1,2245
    pantry-tree:
      size: 681
      sha256: acea875d61ee692b87eef45d1e6f95e87bdb2289395c82d3e3972ea6e42fde50
  original:
    hackage: filepath-1.4.2.1
snapshots:
- completed:
    size: 496698
    url: https://raw.githubusercontent.com/commercialhaskell/stackage-snapshots/master/lts/13/10.yaml
    sha256: cccd8a6de18d13cd00f751b25684b3ca1e548648ea41874de78904fec1b9cb36
  original: lts-13.10
